{
  "name": "sxh-dsbridge",
  "version": "1.0.6",
  "lockfileVersion": 1,
  "requires": true,
  "dependencies": {
    "dsbridge": {
      "version": "3.1.4",
      "resolved": "https://registry.npmjs.org/dsbridge/-/dsbridge-3.1.4.tgz",
      "integrity": "sha512-0PczJDk+SRiJjyfTRIVvAsdmC4CbSb4nbfa/ajr3ZbluCpkIiiftDLBITygj0KIKvNvXHqMdXbBQGn99rWKT9A=="
    }
  }
}
